
Microsoft Visual Studio Solution File, Format Version 12.00
# Visual Studio Version 17
VisualStudioVersion = 17.14.36930.0
MinimumVisualStudioVersion = 10.0.40219.1
Project("{2150E333-8FDC-42A3-9474-1A3956D46DE8}") = "Services", "Services", "{02EA681E-C7D8-13C7-8484-4AC65E1B71E8}"
EndProject
Project("{2150E333-8FDC-42A3-9474-1A3956D46DE8}") = "Catalog", "Catalog", "{61985EEB-FE94-470A-BF3B-B758C2C34AAF}"
EndProject
Project("{FAE04EC0-301F-11D3-BF4B-00C04F79EFBC}") = "DCGShop.Catalog", "Services\Catalog\DCGShop.Catalog\DCGShop.Catalog.csproj", "{C6524288-8B44-460A-9C81-A279F26D0BE8}"
EndProject
Project("{2150E333-8FDC-42A3-9474-1A3956D46DE8}") = "Discount", "Discount", "{A5C4DCD6-DC19-4560-85BA-C4492026843B}"
EndProject
Project("{FAE04EC0-301F-11D3-BF4B-00C04F79EFBC}") = "DCGShop.Discount", "Discount\DCGShop.Discount\DCGShop.Discount.csproj", "{84FB7165-2BBB-410B-8C06-0C162D8B846A}"
EndProject
Project("{2150E333-8FDC-42A3-9474-1A3956D46DE8}") = "Order", "Order", "{1A5D21E2-B8A3-41CE-A6F6-4CEAABA48813}"
EndProject
Project("{2150E333-8FDC-42A3-9474-1A3956D46DE8}") = "Core", "Core", "{7EACA5AD-C555-48CE-AA84-4A9497C08B95}"
EndProject
Project("{2150E333-8FDC-42A3-9474-1A3956D46DE8}") = "Infrastructure", "Infrastructure", "{7D4DC5EA-481B-4F84-83EC-239CEA041A1E}"
EndProject
Project("{2150E333-8FDC-42A3-9474-1A3956D46DE8}") = "Presentation", "Presentation", "{82CD7102-9849-46BD-B601-E2CCB3FD8428}"
EndProject
Project("{FAE04EC0-301F-11D3-BF4B-00C04F79EFBC}") = "DCGShop.Order.Domain", "Services\Order\Core\DCGShop.Order.Domain\DCGShop.Order.Domain.csproj", "{03B66F26-2564-40F2-A521-F37FD8AB6948}"
EndProject
Project("{FAE04EC0-301F-11D3-BF4B-00C04F79EFBC}") = "DCGShop.Order.Application", "Services\Order\Core\DCGShop.Order.Application\DCGShop.Order.Application.csproj", "{696BB38D-B65C-4F42-834D-6324481BA288}"
EndProject
Project("{FAE04EC0-301F-11D3-BF4B-00C04F79EFBC}") = "DCGShop.Order.Persistence", "Services\Order\Core\DCGShop.Order.Persistence\DCGShop.Order.Persistence.csproj", "{3D68EFFD-FB02-4470-90A6-71AE8ECAC79B}"
EndProject
Project("{FAE04EC0-301F-11D3-BF4B-00C04F79EFBC}") = "DCGShop.Order.WebApi", "Services\Order\Presentation\DCGShop.Order.WebApi\DCGShop.Order.WebApi.csproj", "{2A643807-6024-4E5F-8777-C3E469E2E7E8}"
EndProject
Project("{2150E333-8FDC-42A3-9474-1A3956D46DE8}") = "IdentityServer", "IdentityServer", "{021B3D21-CD52-44EB-844F-05A8AE5BE90C}"
EndProject
Project("{FAE04EC0-301F-11D3-BF4B-00C04F79EFBC}") = "DCGShop.IdentityServer", "IdentityServer\DCGShop.IdentityServer\DCGShop.IdentityServer.csproj", "{626FAC91-D261-57CB-49FB-A83F4EE11973}"
EndProject
Global
	GlobalSection(SolutionConfigurationPlatforms) = preSolution
		Debug|Any CPU = Debug|Any CPU
		Release|Any CPU = Release|Any CPU
	EndGlobalSection
	GlobalSection(ProjectConfigurationPlatforms) = postSolution
		{C6524288-8B44-460A-9C81-A279F26D0BE8}.Debug|Any CPU.ActiveCfg = Debug|Any CPU
		{C6524288-8B44-460A-9C81-A279F26D0BE8}.Debug|Any CPU.Build.0 = Debug|Any CPU
		{C6524288-8B44-460A-9C81-A279F26D0BE8}.Release|Any CPU.ActiveCfg = Release|Any CPU
		{C6524288-8B44-460A-9C81-A279F26D0BE8}.Release|Any CPU.Build.0 = Release|Any CPU
		{84FB7165-2BBB-410B-8C06-0C162D8B846A}.Debug|Any CPU.ActiveCfg = Debug|Any CPU
		{84FB7165-2BBB-410B-8C06-0C162D8B846A}.Debug|Any CPU.Build.0 = Debug|Any CPU
		{84FB7165-2BBB-410B-8C06-0C162D8B846A}.Release|Any CPU.ActiveCfg = Release|Any CPU
		{84FB7165-2BBB-410B-8C06-0C162D8B846A}.Release|Any CPU.Build.0 = Release|Any CPU
		{03B66F26-2564-40F2-A521-F37FD8AB6948}.Debug|Any CPU.ActiveCfg = Debug|Any CPU
		{03B66F26-2564-40F2-A521-F37FD8AB6948}.Debug|Any CPU.Build.0 = Debug|Any CPU
		{03B66F26-2564-40F2-A521-F37FD8AB6948}.Release|Any CPU.ActiveCfg = Release|Any CPU
		{03B66F26-2564-40F2-A521-F37FD8AB6948}.Release|Any CPU.Build.0 = Release|Any CPU
		{696BB38D-B65C-4F42-834D-6324481BA288}.Debug|Any CPU.ActiveCfg = Debug|Any CPU
		{696BB38D-B65C-4F42-834D-6324481BA288}.Debug|Any CPU.Build.0 = Debug|Any CPU
		{696BB38D-B65C-4F42-834D-6324481BA288}.Release|Any CPU.ActiveCfg = Release|Any CPU
		{696BB38D-B65C-4F42-834D-6324481BA288}.Release|Any CPU.Build.0 = Release|Any CPU
		{3D68EFFD-FB02-4470-90A6-71AE8ECAC79B}.Debug|Any CPU.ActiveCfg = Debug|Any CPU
		{3D68EFFD-FB02-4470-90A6-71AE8ECAC79B}.Debug|Any CPU.Build.0 = Debug|Any CPU
		{3D68EFFD-FB02-4470-90A6-71AE8ECAC79B}.Release|Any CPU.ActiveCfg = Release|Any CPU
		{3D68EFFD-FB02-4470-90A6-71AE8ECAC79B}.Release|Any CPU.Build.0 = Release|Any CPU
		{2A643807-6024-4E5F-8777-C3E469E2E7E8}.Debug|Any CPU.ActiveCfg = Debug|Any CPU
		{2A643807-6024-4E5F-8777-C3E469E2E7E8}.Debug|Any CPU.Build.0 = Debug|Any CPU
		{2A643807-6024-4E5F-8777-C3E469E2E7E8}.Release|Any CPU.ActiveCfg = Release|Any CPU
		{2A643807-6024-4E5F-8777-C3E469E2E7E8}.Release|Any CPU.Build.0 = Release|Any CPU
		{626FAC91-D261-57CB-49FB-A83F4EE11973}.Debug|Any CPU.ActiveCfg = Debug|Any CPU
		{626FAC91-D261-57CB-49FB-A83F4EE11973}.Debug|Any CPU.Build.0 = Debug|Any CPU
		{626FAC91-D261-57CB-49FB-A83F4EE11973}.Release|Any CPU.ActiveCfg = Release|Any CPU
		{626FAC91-D261-57CB-49FB-A83F4EE11973}.Release|Any CPU.Build.0 = Release|Any CPU
	EndGlobalSection
	GlobalSection(SolutionProperties) = preSolution
		HideSolutionNode = FALSE
	EndGlobalSection
	GlobalSection(NestedProjects) = preSolution
		{61985EEB-FE94-470A-BF3B-B758C2C34AAF} = {02EA681E-C7D8-13C7-8484-4AC65E1B71E8}
		{C6524288-8B44-460A-9C81-A279F26D0BE8} = {61985EEB-FE94-470A-BF3B-B758C2C34AAF}
		{A5C4DCD6-DC19-4560-85BA-C4492026843B} = {02EA681E-C7D8-13C7-8484-4AC65E1B71E8}
		{84FB7165-2BBB-410B-8C06-0C162D8B846A} = {A5C4DCD6-DC19-4560-85BA-C4492026843B}
		{1A5D21E2-B8A3-41CE-A6F6-4CEAABA48813} = {02EA681E-C7D8-13C7-8484-4AC65E1B71E8}
		{7EACA5AD-C555-48CE-AA84-4A9497C08B95} = {1A5D21E2-B8A3-41CE-A6F6-4CEAABA48813}
		{7D4DC5EA-481B-4F84-83EC-239CEA041A1E} = {1A5D21E2-B8A3-41CE-A6F6-4CEAABA48813}
		{82CD7102-9849-46BD-B601-E2CCB3FD8428} = {1A5D21E2-B8A3-41CE-A6F6-4CEAABA48813}
		{03B66F26-2564-40F2-A521-F37FD8AB6948} = {7EACA5AD-C555-48CE-AA84-4A9497C08B95}
		{696BB38D-B65C-4F42-834D-6324481BA288} = {7EACA5AD-C555-48CE-AA84-4A9497C08B95}
		{3D68EFFD-FB02-4470-90A6-71AE8ECAC79B} = {7D4DC5EA-481B-4F84-83EC-239CEA041A1E}
		{2A643807-6024-4E5F-8777-C3E469E2E7E8} = {82CD7102-9849-46BD-B601-E2CCB3FD8428}
		{626FAC91-D261-57CB-49FB-A83F4EE11973} = {021B3D21-CD52-44EB-844F-05A8AE5BE90C}
	EndGlobalSection
	GlobalSection(ExtensibilityGlobals) = postSolution
		SolutionGuid = {A400E508-622B-42D6-94F7-9A590BF6BB0C}
	EndGlobalSection
EndGlobal
