
Microsoft Visual Studio Solution File, Format Version 12.00
# Visual Studio Version 17
VisualStudioVersion = 17.14.36930.0
MinimumVisualStudioVersion = 10.0.40219.1
Project("{2150E333-8FDC-42A3-9474-1A3956D46DE8}") = "Services", "Services", "{02EA681E-C7D8-13C7-8484-4AC65E1B71E8}"
EndProject
Project("{2150E333-8FDC-42A3-9474-1A3956D46DE8}") = "Catalog", "Catalog", "{61985EEB-FE94-470A-BF3B-B758C2C34AAF}"
EndProject
Project("{FAE04EC0-301F-11D3-BF4B-00C04F79EFBC}") = "DCGShop.Catalog", "Services\Catalog\DCGShop.Catalog\DCGShop.Catalog.csproj", "{C6524288-8B44-460A-9C81-A279F26D0BE8}"
EndProject
Project("{2150E333-8FDC-42A3-9474-1A3956D46DE8}") = "Discount", "Discount", "{A5C4DCD6-DC19-4560-85BA-C4492026843B}"
EndProject
Project("{FAE04EC0-301F-11D3-BF4B-00C04F79EFBC}") = "DCGShop.Discount", "Discount\DCGShop.Discount\DCGShop.Discount.csproj", "{84FB7165-2BBB-410B-8C06-0C162D8B846A}"
EndProject
Project("{2150E333-8FDC-42A3-9474-1A3956D46DE8}") = "Order", "Order", "{1A5D21E2-B8A3-41CE-A6F6-4CEAABA48813}"
EndProject
Project("{2150E333-8FDC-42A3-9474-1A3956D46DE8}") = "Core", "Core", "{7EACA5AD-C555-48CE-AA84-4A9497C08B95}"
EndProject
Project("{2150E333-8FDC-42A3-9474-1A3956D46DE8}") = "Infrastructure", "Infrastructure", "{7D4DC5EA-481B-4F84-83EC-239CEA041A1E}"
EndProject
Project("{2150E333-8FDC-42A3-9474-1A3956D46DE8}") = "Presentation", "Presentation", "{82CD7102-9849-46BD-B601-E2CCB3FD8428}"
EndProject
Project("{FAE04EC0-301F-11D3-BF4B-00C04F79EFBC}") = "DCGShop.Order.Domain", "Services\Order\Core\DCGShop.Order.Domain\DCGShop.Order.Domain.csproj", "{03B66F26-2564-40F2-A521-F37FD8AB6948}"
EndProject
Project("{FAE04EC0-301F-11D3-BF4B-00C04F79EFBC}") = "DCGShop.Order.Application", "Services\Order\Core\DCGShop.Order.Application\DCGShop.Order.Application.csproj", "{696BB38D-B65C-4F42-834D-6324481BA288}"
EndProject
Project("{FAE04EC0-301F-11D3-BF4B-00C04F79EFBC}") = "DCGShop.Order.Persistence", "Services\Order\Core\DCGShop.Order.Persistence\DCGShop.Order.Persistence.csproj", "{3D68EFFD-FB02-4470-90A6-71AE8ECAC79B}"
EndProject
Project("{FAE04EC0-301F-11D3-BF4B-00C04F79EFBC}") = "DCGShop.Order.WebApi", "Services\Order\Presentation\DCGShop.Order.WebApi\DCGShop.Order.WebApi.csproj", "{2A643807-6024-4E5F-8777-C3E469E2E7E8}"
EndProject
Project("{2150E333-8FDC-42A3-9474-1A3956D46DE8}") = "IdentityServer", "IdentityServer", "{021B3D21-CD52-44EB-844F-05A8AE5BE90C}"
EndProject
Project("{FAE04EC0-301F-11D3-BF4B-00C04F79EFBC}") = "DCGShop.IdentityServer", "IdentityServer\DCGShop.IdentityServer\DCGShop.IdentityServer.csproj", "{626FAC91-D261-57CB-49FB-A83F4EE11973}"
EndProject
Project("{2150E333-8FDC-42A3-9474-1A3956D46DE8}") = "Requirements", "Requirements", "{759EF7F4-2FA8-46D3-BED0-39FB9EE746DC}"
	ProjectSection(SolutionItems) = preProject
		LoginIndex.txt = LoginIndex.txt
		OcelotCodeExample.txt = OcelotCodeExample.txt
		PortNumbers.txt = PortNumbers.txt
		UsereExamples.txt = UsereExamples.txt
	EndProjectSection
EndProject
Project("{2150E333-8FDC-42A3-9474-1A3956D46DE8}") = "Cargo", "Cargo", "{D566945A-6344-4357-BF39-AFD6BF8BB994}"
EndProject
Project("{FAE04EC0-301F-11D3-BF4B-00C04F79EFBC}") = "DCGShop.Cargo.EntityLayer", "Services\Cargo\DCGShop.Cargo.EntityLayer\DCGShop.Cargo.EntityLayer.csproj", "{6FDB1737-A7DF-4B3D-A7D2-910363F0C2B0}"
EndProject
Project("{FAE04EC0-301F-11D3-BF4B-00C04F79EFBC}") = "DCGShop.Cargo.BusinessLayer", "Services\Cargo\DCGShop.Cargo.BusinessLayer\DCGShop.Cargo.BusinessLayer.csproj", "{3E4D6B94-0D82-4E42-BA33-CCEE8CE96BDE}"
EndProject
Project("{FAE04EC0-301F-11D3-BF4B-00C04F79EFBC}") = "DCGShop.Cargo.DataAccessLayer", "Services\Cargo\DCGShop.Cargo.DataAccessLayer\DCGShop.Cargo.DataAccessLayer.csproj", "{AA8DCB1F-3F08-480D-A007-995F39D50865}"
EndProject
Project("{FAE04EC0-301F-11D3-BF4B-00C04F79EFBC}") = "DCGShop.Cargo.Dto.Layer", "Services\Cargo\DCGShop.Cargo.Dto.Layer\DCGShop.Cargo.Dto.Layer.csproj", "{F5A4BC6C-5DA6-46B5-A8FA-AC8DF5D0E6DE}"
EndProject
Project("{FAE04EC0-301F-11D3-BF4B-00C04F79EFBC}") = "DCGShop.Cargo.WebApi", "Services\Cargo\DCGShop.Cargo.WebApi\DCGShop.Cargo.WebApi.csproj", "{B10E6169-8A67-421E-BF44-BAFA2336AD2D}"
EndProject
Project("{2150E333-8FDC-42A3-9474-1A3956D46DE8}") = "Basket", "Basket", "{0CAC1365-5AFD-49CD-816E-BDF942BA5FA4}"
EndProject
Project("{FAE04EC0-301F-11D3-BF4B-00C04F79EFBC}") = "DCGShop.Basket", "Services\Basket\DCGShop.Basket\DCGShop.Basket.csproj", "{167F7FC4-E984-45A1-9BF7-47E2B19C9A2E}"
EndProject
Project("{2150E333-8FDC-42A3-9474-1A3956D46DE8}") = "Frontends", "Frontends", "{D504852E-5821-46F2-B00F-5A53377C4593}"
EndProject
Project("{FAE04EC0-301F-11D3-BF4B-00C04F79EFBC}") = "DCGShop.WebUI", "Frontends\DCGShop.WebUI\DCGShop.WebUI.csproj", "{F05AE9F7-2C80-49E3-8A69-971F1C1BEB36}"
EndProject
Project("{FAE04EC0-301F-11D3-BF4B-00C04F79EFBC}") = "DCGShop.DtoLayer", "Frontends\DCGShop.DtoLayer\DCGShop.DtoLayer.csproj", "{A92FAF64-4EA3-4BFF-A372-856F9528B925}"
EndProject
Project("{2150E333-8FDC-42A3-9474-1A3956D46DE8}") = "Comment", "Comment", "{1DB947B8-57D4-45F0-B2B4-1061533DA92B}"
EndProject
Project("{FAE04EC0-301F-11D3-BF4B-00C04F79EFBC}") = "DCGShop.Comment", "Services\Comment\DCGShop.Comment\DCGShop.Comment.csproj", "{B3BCD3C9-D183-4418-AF57-A4AC160867DB}"
EndProject
Project("{2150E333-8FDC-42A3-9474-1A3956D46DE8}") = "ApiGateway", "ApiGateway", "{5EB1AC97-5E40-4851-9562-460D86FB6979}"
EndProject
Project("{2150E333-8FDC-42A3-9474-1A3956D46DE8}") = "RapidApi", "RapidApi", "{3AB2D600-2DD1-4301-8FF4-E2BFEF5C0603}"
EndProject
Project("{FAE04EC0-301F-11D3-BF4B-00C04F79EFBC}") = "DCGShop.OcelotGateway", "ApiGateway\DCGShop.OcelotGateway\DCGShop.OcelotGateway.csproj", "{FA6B7417-78C1-48D1-A35E-46942ED64C43}"
EndProject
Project("{2150E333-8FDC-42A3-9474-1A3956D46DE8}") = "Payment", "Payment", "{7646B94A-A3B1-400C-B8FC-E0D4BF70AEB3}"
EndProject
Project("{FAE04EC0-301F-11D3-BF4B-00C04F79EFBC}") = "DCGShop.Payment", "Services\Payment\DCGShop.Payment\DCGShop.Payment.csproj", "{21A3D6EC-2149-4A3C-AFFB-4D0CBD1D6AD6}"
EndProject
Project("{2150E333-8FDC-42A3-9474-1A3956D46DE8}") = "Images", "Images", "{8A9363C5-EC0D-4974-B609-10DCB3D67130}"
EndProject
Project("{FAE04EC0-301F-11D3-BF4B-00C04F79EFBC}") = "DCGShop.Images", "Services\Images\DCGShop.Images\DCGShop.Images.csproj", "{13B3F8E0-CBA9-4EB5-966C-EE135893AEC9}"
EndProject
Project("{2150E333-8FDC-42A3-9474-1A3956D46DE8}") = "Message", "Message", "{BD0BE203-1F08-4DF0-8E53-089C48BD0112}"
EndProject
Project("{FAE04EC0-301F-11D3-BF4B-00C04F79EFBC}") = "DCGShop.Message", "Services\Message\DCGShop.Message\DCGShop.Message.csproj", "{44EB58A7-07B7-4D99-8924-3DBB36054E37}"
EndProject
Project("{2150E333-8FDC-42A3-9474-1A3956D46DE8}") = "SignalRRealTimeApi", "SignalRRealTimeApi", "{04862623-3FAE-4B39-B931-2881B0EBE99E}"
EndProject
Project("{FAE04EC0-301F-11D3-BF4B-00C04F79EFBC}") = "DCGShop.SignalRRealTimeApi", "Services\SignlRRealTimeApi\DCGShop.SignalRRealTimeApi\DCGShop.SignalRRealTimeApi.csproj", "{D3E15E55-7560-4E61-97B1-17FA4578BA5B}"
EndProject
Project("{FAE04EC0-301F-11D3-BF4B-00C04F79EFBC}") = "DCGShop.Images.WebUI", "Services\Images\DCGShop.Images.WebUI\DCGShop.Images.WebUI.csproj", "{E372E894-D4B6-4670-8A70-7C4825997202}"
EndProject
Project("{2150E333-8FDC-42A3-9474-1A3956D46DE8}") = "RabbitMQMessage", "RabbitMQMessage", "{E364DBE4-1436-45F9-A0DF-AB20B50D4440}"
EndProject
Project("{FAE04EC0-301F-11D3-BF4B-00C04F79EFBC}") = "DCGShop.RabbitMQMessageApi", "Services\RabitMQMessagee\DCGShop.RabbitMQMessageApi\DCGShop.RabbitMQMessageApi.csproj", "{17968ED1-73B0-40FF-A62D-326CEDF03FAC}"
EndProject
Project("{FAE04EC0-301F-11D3-BF4B-00C04F79EFBC}") = "DCGShop.RapidApiWebUI", "RapidApi\DCGShop.RapidApiWebUI\DCGShop.RapidApiWebUI.csproj", "{52DABA15-9DBE-464D-BD21-D3638727B1D5}"
EndProject
Global
	GlobalSection(SolutionConfigurationPlatforms) = preSolution
		Debug|Any CPU = Debug|Any CPU
		Release|Any CPU = Release|Any CPU
	EndGlobalSection
	GlobalSection(ProjectConfigurationPlatforms) = postSolution
		{C6524288-8B44-460A-9C81-A279F26D0BE8}.Debug|Any CPU.ActiveCfg = Debug|Any CPU
		{C6524288-8B44-460A-9C81-A279F26D0BE8}.Debug|Any CPU.Build.0 = Debug|Any CPU
		{C6524288-8B44-460A-9C81-A279F26D0BE8}.Release|Any CPU.ActiveCfg = Release|Any CPU
		{C6524288-8B44-460A-9C81-A279F26D0BE8}.Release|Any CPU.Build.0 = Release|Any CPU
		{84FB7165-2BBB-410B-8C06-0C162D8B846A}.Debug|Any CPU.ActiveCfg = Debug|Any CPU
		{84FB7165-2BBB-410B-8C06-0C162D8B846A}.Debug|Any CPU.Build.0 = Debug|Any CPU
		{84FB7165-2BBB-410B-8C06-0C162D8B846A}.Release|Any CPU.ActiveCfg = Release|Any CPU
		{84FB7165-2BBB-410B-8C06-0C162D8B846A}.Release|Any CPU.Build.0 = Release|Any CPU
		{03B66F26-2564-40F2-A521-F37FD8AB6948}.Debug|Any CPU.ActiveCfg = Debug|Any CPU
		{03B66F26-2564-40F2-A521-F37FD8AB6948}.Debug|Any CPU.Build.0 = Debug|Any CPU
		{03B66F26-2564-40F2-A521-F37FD8AB6948}.Release|Any CPU.ActiveCfg = Release|Any CPU
		{03B66F26-2564-40F2-A521-F37FD8AB6948}.Release|Any CPU.Build.0 = Release|Any CPU
		{696BB38D-B65C-4F42-834D-6324481BA288}.Debug|Any CPU.ActiveCfg = Debug|Any CPU
		{696BB38D-B65C-4F42-834D-6324481BA288}.Debug|Any CPU.Build.0 = Debug|Any CPU
		{696BB38D-B65C-4F42-834D-6324481BA288}.Release|Any CPU.ActiveCfg = Release|Any CPU
		{696BB38D-B65C-4F42-834D-6324481BA288}.Release|Any CPU.Build.0 = Release|Any CPU
		{3D68EFFD-FB02-4470-90A6-71AE8ECAC79B}.Debug|Any CPU.ActiveCfg = Debug|Any CPU
		{3D68EFFD-FB02-4470-90A6-71AE8ECAC79B}.Debug|Any CPU.Build.0 = Debug|Any CPU
		{3D68EFFD-FB02-4470-90A6-71AE8ECAC79B}.Release|Any CPU.ActiveCfg = Release|Any CPU
		{3D68EFFD-FB02-4470-90A6-71AE8ECAC79B}.Release|Any CPU.Build.0 = Release|Any CPU
		{2A643807-6024-4E5F-8777-C3E469E2E7E8}.Debug|Any CPU.ActiveCfg = Debug|Any CPU
		{2A643807-6024-4E5F-8777-C3E469E2E7E8}.Debug|Any CPU.Build.0 = Debug|Any CPU
		{2A643807-6024-4E5F-8777-C3E469E2E7E8}.Release|Any CPU.ActiveCfg = Release|Any CPU
		{2A643807-6024-4E5F-8777-C3E469E2E7E8}.Release|Any CPU.Build.0 = Release|Any CPU
		{626FAC91-D261-57CB-49FB-A83F4EE11973}.Debug|Any CPU.ActiveCfg = Debug|Any CPU
		{626FAC91-D261-57CB-49FB-A83F4EE11973}.Debug|Any CPU.Build.0 = Debug|Any CPU
		{626FAC91-D261-57CB-49FB-A83F4EE11973}.Release|Any CPU.ActiveCfg = Release|Any CPU
		{626FAC91-D261-57CB-49FB-A83F4EE11973}.Release|Any CPU.Build.0 = Release|Any CPU
		{6FDB1737-A7DF-4B3D-A7D2-910363F0C2B0}.Debug|Any CPU.ActiveCfg = Debug|Any CPU
		{6FDB1737-A7DF-4B3D-A7D2-910363F0C2B0}.Debug|Any CPU.Build.0 = Debug|Any CPU
		{6FDB1737-A7DF-4B3D-A7D2-910363F0C2B0}.Release|Any CPU.ActiveCfg = Release|Any CPU
		{6FDB1737-A7DF-4B3D-A7D2-910363F0C2B0}.Release|Any CPU.Build.0 = Release|Any CPU
		{3E4D6B94-0D82-4E42-BA33-CCEE8CE96BDE}.Debug|Any CPU.ActiveCfg = Debug|Any CPU
		{3E4D6B94-0D82-4E42-BA33-CCEE8CE96BDE}.Debug|Any CPU.Build.0 = Debug|Any CPU
		{3E4D6B94-0D82-4E42-BA33-CCEE8CE96BDE}.Release|Any CPU.ActiveCfg = Release|Any CPU
		{3E4D6B94-0D82-4E42-BA33-CCEE8CE96BDE}.Release|Any CPU.Build.0 = Release|Any CPU
		{AA8DCB1F-3F08-480D-A007-995F39D50865}.Debug|Any CPU.ActiveCfg = Debug|Any CPU
		{AA8DCB1F-3F08-480D-A007-995F39D50865}.Debug|Any CPU.Build.0 = Debug|Any CPU
		{AA8DCB1F-3F08-480D-A007-995F39D50865}.Release|Any CPU.ActiveCfg = Release|Any CPU
		{AA8DCB1F-3F08-480D-A007-995F39D50865}.Release|Any CPU.Build.0 = Release|Any CPU
		{F5A4BC6C-5DA6-46B5-A8FA-AC8DF5D0E6DE}.Debug|Any CPU.ActiveCfg = Debug|Any CPU
		{F5A4BC6C-5DA6-46B5-A8FA-AC8DF5D0E6DE}.Debug|Any CPU.Build.0 = Debug|Any CPU
		{F5A4BC6C-5DA6-46B5-A8FA-AC8DF5D0E6DE}.Release|Any CPU.ActiveCfg = Release|Any CPU
		{F5A4BC6C-5DA6-46B5-A8FA-AC8DF5D0E6DE}.Release|Any CPU.Build.0 = Release|Any CPU
		{B10E6169-8A67-421E-BF44-BAFA2336AD2D}.Debug|Any CPU.ActiveCfg = Debug|Any CPU
		{B10E6169-8A67-421E-BF44-BAFA2336AD2D}.Debug|Any CPU.Build.0 = Debug|Any CPU
		{B10E6169-8A67-421E-BF44-BAFA2336AD2D}.Release|Any CPU.ActiveCfg = Release|Any CPU
		{B10E6169-8A67-421E-BF44-BAFA2336AD2D}.Release|Any CPU.Build.0 = Release|Any CPU
		{167F7FC4-E984-45A1-9BF7-47E2B19C9A2E}.Debug|Any CPU.ActiveCfg = Debug|Any CPU
		{167F7FC4-E984-45A1-9BF7-47E2B19C9A2E}.Debug|Any CPU.Build.0 = Debug|Any CPU
		{167F7FC4-E984-45A1-9BF7-47E2B19C9A2E}.Release|Any CPU.ActiveCfg = Release|Any CPU
		{167F7FC4-E984-45A1-9BF7-47E2B19C9A2E}.Release|Any CPU.Build.0 = Release|Any CPU
		{F05AE9F7-2C80-49E3-8A69-971F1C1BEB36}.Debug|Any CPU.ActiveCfg = Debug|Any CPU
		{F05AE9F7-2C80-49E3-8A69-971F1C1BEB36}.Debug|Any CPU.Build.0 = Debug|Any CPU
		{F05AE9F7-2C80-49E3-8A69-971F1C1BEB36}.Release|Any CPU.ActiveCfg = Release|Any CPU
		{F05AE9F7-2C80-49E3-8A69-971F1C1BEB36}.Release|Any CPU.Build.0 = Release|Any CPU
		{A92FAF64-4EA3-4BFF-A372-856F9528B925}.Debug|Any CPU.ActiveCfg = Debug|Any CPU
		{A92FAF64-4EA3-4BFF-A372-856F9528B925}.Debug|Any CPU.Build.0 = Debug|Any CPU
		{A92FAF64-4EA3-4BFF-A372-856F9528B925}.Release|Any CPU.ActiveCfg = Release|Any CPU
		{A92FAF64-4EA3-4BFF-A372-856F9528B925}.Release|Any CPU.Build.0 = Release|Any CPU
		{B3BCD3C9-D183-4418-AF57-A4AC160867DB}.Debug|Any CPU.ActiveCfg = Debug|Any CPU
		{B3BCD3C9-D183-4418-AF57-A4AC160867DB}.Debug|Any CPU.Build.0 = Debug|Any CPU
		{B3BCD3C9-D183-4418-AF57-A4AC160867DB}.Release|Any CPU.ActiveCfg = Release|Any CPU
		{B3BCD3C9-D183-4418-AF57-A4AC160867DB}.Release|Any CPU.Build.0 = Release|Any CPU
		{FA6B7417-78C1-48D1-A35E-46942ED64C43}.Debug|Any CPU.ActiveCfg = Debug|Any CPU
		{FA6B7417-78C1-48D1-A35E-46942ED64C43}.Debug|Any CPU.Build.0 = Debug|Any CPU
		{FA6B7417-78C1-48D1-A35E-46942ED64C43}.Release|Any CPU.ActiveCfg = Release|Any CPU
		{FA6B7417-78C1-48D1-A35E-46942ED64C43}.Release|Any CPU.Build.0 = Release|Any CPU
		{21A3D6EC-2149-4A3C-AFFB-4D0CBD1D6AD6}.Debug|Any CPU.ActiveCfg = Debug|Any CPU
		{21A3D6EC-2149-4A3C-AFFB-4D0CBD1D6AD6}.Debug|Any CPU.Build.0 = Debug|Any CPU
		{21A3D6EC-2149-4A3C-AFFB-4D0CBD1D6AD6}.Release|Any CPU.ActiveCfg = Release|Any CPU
		{21A3D6EC-2149-4A3C-AFFB-4D0CBD1D6AD6}.Release|Any CPU.Build.0 = Release|Any CPU
		{13B3F8E0-CBA9-4EB5-966C-EE135893AEC9}.Debug|Any CPU.ActiveCfg = Debug|Any CPU
		{13B3F8E0-CBA9-4EB5-966C-EE135893AEC9}.Debug|Any CPU.Build.0 = Debug|Any CPU
		{13B3F8E0-CBA9-4EB5-966C-EE135893AEC9}.Release|Any CPU.ActiveCfg = Release|Any CPU
		{13B3F8E0-CBA9-4EB5-966C-EE135893AEC9}.Release|Any CPU.Build.0 = Release|Any CPU
		{44EB58A7-07B7-4D99-8924-3DBB36054E37}.Debug|Any CPU.ActiveCfg = Debug|Any CPU
		{44EB58A7-07B7-4D99-8924-3DBB36054E37}.Debug|Any CPU.Build.0 = Debug|Any CPU
		{44EB58A7-07B7-4D99-8924-3DBB36054E37}.Release|Any CPU.ActiveCfg = Release|Any CPU
		{44EB58A7-07B7-4D99-8924-3DBB36054E37}.Release|Any CPU.Build.0 = Release|Any CPU
		{D3E15E55-7560-4E61-97B1-17FA4578BA5B}.Debug|Any CPU.ActiveCfg = Debug|Any CPU
		{D3E15E55-7560-4E61-97B1-17FA4578BA5B}.Debug|Any CPU.Build.0 = Debug|Any CPU
		{D3E15E55-7560-4E61-97B1-17FA4578BA5B}.Release|Any CPU.ActiveCfg = Release|Any CPU
		{D3E15E55-7560-4E61-97B1-17FA4578BA5B}.Release|Any CPU.Build.0 = Release|Any CPU
		{E372E894-D4B6-4670-8A70-7C4825997202}.Debug|Any CPU.ActiveCfg = Debug|Any CPU
		{E372E894-D4B6-4670-8A70-7C4825997202}.Debug|Any CPU.Build.0 = Debug|Any CPU
		{E372E894-D4B6-4670-8A70-7C4825997202}.Release|Any CPU.ActiveCfg = Release|Any CPU
		{E372E894-D4B6-4670-8A70-7C4825997202}.Release|Any CPU.Build.0 = Release|Any CPU
		{17968ED1-73B0-40FF-A62D-326CEDF03FAC}.Debug|Any CPU.ActiveCfg = Debug|Any CPU
		{17968ED1-73B0-40FF-A62D-326CEDF03FAC}.Debug|Any CPU.Build.0 = Debug|Any CPU
		{17968ED1-73B0-40FF-A62D-326CEDF03FAC}.Release|Any CPU.ActiveCfg = Release|Any CPU
		{17968ED1-73B0-40FF-A62D-326CEDF03FAC}.Release|Any CPU.Build.0 = Release|Any CPU
		{52DABA15-9DBE-464D-BD21-D3638727B1D5}.Debug|Any CPU.ActiveCfg = Debug|Any CPU
		{52DABA15-9DBE-464D-BD21-D3638727B1D5}.Debug|Any CPU.Build.0 = Debug|Any CPU
		{52DABA15-9DBE-464D-BD21-D3638727B1D5}.Release|Any CPU.ActiveCfg = Release|Any CPU
		{52DABA15-9DBE-464D-BD21-D3638727B1D5}.Release|Any CPU.Build.0 = Release|Any CPU
	EndGlobalSection
	GlobalSection(SolutionProperties) = preSolution
		HideSolutionNode = FALSE
	EndGlobalSection
	GlobalSection(NestedProjects) = preSolution
		{61985EEB-FE94-470A-BF3B-B758C2C34AAF} = {02EA681E-C7D8-13C7-8484-4AC65E1B71E8}
		{C6524288-8B44-460A-9C81-A279F26D0BE8} = {61985EEB-FE94-470A-BF3B-B758C2C34AAF}
		{A5C4DCD6-DC19-4560-85BA-C4492026843B} = {02EA681E-C7D8-13C7-8484-4AC65E1B71E8}
		{84FB7165-2BBB-410B-8C06-0C162D8B846A} = {A5C4DCD6-DC19-4560-85BA-C4492026843B}
		{1A5D21E2-B8A3-41CE-A6F6-4CEAABA48813} = {02EA681E-C7D8-13C7-8484-4AC65E1B71E8}
		{7EACA5AD-C555-48CE-AA84-4A9497C08B95} = {1A5D21E2-B8A3-41CE-A6F6-4CEAABA48813}
		{7D4DC5EA-481B-4F84-83EC-239CEA041A1E} = {1A5D21E2-B8A3-41CE-A6F6-4CEAABA48813}
		{82CD7102-9849-46BD-B601-E2CCB3FD8428} = {1A5D21E2-B8A3-41CE-A6F6-4CEAABA48813}
		{03B66F26-2564-40F2-A521-F37FD8AB6948} = {7EACA5AD-C555-48CE-AA84-4A9497C08B95}
		{696BB38D-B65C-4F42-834D-6324481BA288} = {7EACA5AD-C555-48CE-AA84-4A9497C08B95}
		{3D68EFFD-FB02-4470-90A6-71AE8ECAC79B} = {7D4DC5EA-481B-4F84-83EC-239CEA041A1E}
		{2A643807-6024-4E5F-8777-C3E469E2E7E8} = {82CD7102-9849-46BD-B601-E2CCB3FD8428}
		{626FAC91-D261-57CB-49FB-A83F4EE11973} = {021B3D21-CD52-44EB-844F-05A8AE5BE90C}
		{D566945A-6344-4357-BF39-AFD6BF8BB994} = {02EA681E-C7D8-13C7-8484-4AC65E1B71E8}
		{6FDB1737-A7DF-4B3D-A7D2-910363F0C2B0} = {D566945A-6344-4357-BF39-AFD6BF8BB994}
		{3E4D6B94-0D82-4E42-BA33-CCEE8CE96BDE} = {D566945A-6344-4357-BF39-AFD6BF8BB994}
		{AA8DCB1F-3F08-480D-A007-995F39D50865} = {D566945A-6344-4357-BF39-AFD6BF8BB994}
		{F5A4BC6C-5DA6-46B5-A8FA-AC8DF5D0E6DE} = {D566945A-6344-4357-BF39-AFD6BF8BB994}
		{B10E6169-8A67-421E-BF44-BAFA2336AD2D} = {D566945A-6344-4357-BF39-AFD6BF8BB994}
		{0CAC1365-5AFD-49CD-816E-BDF942BA5FA4} = {02EA681E-C7D8-13C7-8484-4AC65E1B71E8}
		{167F7FC4-E984-45A1-9BF7-47E2B19C9A2E} = {0CAC1365-5AFD-49CD-816E-BDF942BA5FA4}
		{F05AE9F7-2C80-49E3-8A69-971F1C1BEB36} = {D504852E-5821-46F2-B00F-5A53377C4593}
		{A92FAF64-4EA3-4BFF-A372-856F9528B925} = {D504852E-5821-46F2-B00F-5A53377C4593}
		{1DB947B8-57D4-45F0-B2B4-1061533DA92B} = {02EA681E-C7D8-13C7-8484-4AC65E1B71E8}
		{B3BCD3C9-D183-4418-AF57-A4AC160867DB} = {1DB947B8-57D4-45F0-B2B4-1061533DA92B}
		{FA6B7417-78C1-48D1-A35E-46942ED64C43} = {5EB1AC97-5E40-4851-9562-460D86FB6979}
		{7646B94A-A3B1-400C-B8FC-E0D4BF70AEB3} = {02EA681E-C7D8-13C7-8484-4AC65E1B71E8}
		{21A3D6EC-2149-4A3C-AFFB-4D0CBD1D6AD6} = {7646B94A-A3B1-400C-B8FC-E0D4BF70AEB3}
		{8A9363C5-EC0D-4974-B609-10DCB3D67130} = {02EA681E-C7D8-13C7-8484-4AC65E1B71E8}
		{13B3F8E0-CBA9-4EB5-966C-EE135893AEC9} = {8A9363C5-EC0D-4974-B609-10DCB3D67130}
		{BD0BE203-1F08-4DF0-8E53-089C48BD0112} = {02EA681E-C7D8-13C7-8484-4AC65E1B71E8}
		{44EB58A7-07B7-4D99-8924-3DBB36054E37} = {BD0BE203-1F08-4DF0-8E53-089C48BD0112}
		{04862623-3FAE-4B39-B931-2881B0EBE99E} = {02EA681E-C7D8-13C7-8484-4AC65E1B71E8}
		{D3E15E55-7560-4E61-97B1-17FA4578BA5B} = {04862623-3FAE-4B39-B931-2881B0EBE99E}
		{E372E894-D4B6-4670-8A70-7C4825997202} = {8A9363C5-EC0D-4974-B609-10DCB3D67130}
		{E364DBE4-1436-45F9-A0DF-AB20B50D4440} = {02EA681E-C7D8-13C7-8484-4AC65E1B71E8}
		{17968ED1-73B0-40FF-A62D-326CEDF03FAC} = {E364DBE4-1436-45F9-A0DF-AB20B50D4440}
		{52DABA15-9DBE-464D-BD21-D3638727B1D5} = {3AB2D600-2DD1-4301-8FF4-E2BFEF5C0603}
	EndGlobalSection
	GlobalSection(ExtensibilityGlobals) = postSolution
		SolutionGuid = {A400E508-622B-42D6-94F7-9A590BF6BB0C}
	EndGlobalSection
EndGlobal
